
Microsoft Visual Studio Solution File, Format Version 12.00
# Visual Studio 15
VisualStudioVersion = 15.0.28307.438
MinimumVisualStudioVersion = 10.0.40219.1
Project("{8BC9CEB8-8B4A-11D0-8D11-00A0C91BC942}") = "ESP8266Firmware1", "ESP8266Firmware1\ESP8266Firmware1.vcxproj", "{B6F35D7A-A6AB-4F29-ACEA-F9D910ECF3CD}"
EndProject
Global
	GlobalSection(SolutionConfigurationPlatforms) = preSolution
		Debug|ARM = Debug|ARM
		Release|ARM = Release|ARM
	EndGlobalSection
	GlobalSection(ProjectConfigurationPlatforms) = postSolution
		{B6F35D7A-A6AB-4F29-ACEA-F9D910ECF3CD}.Debug|ARM.ActiveCfg = Debug|ARM
		{B6F35D7A-A6AB-4F29-ACEA-F9D910ECF3CD}.Debug|ARM.Build.0 = Debug|ARM
		{B6F35D7A-A6AB-4F29-ACEA-F9D910ECF3CD}.Release|ARM.ActiveCfg = Release|ARM
		{B6F35D7A-A6AB-4F29-ACEA-F9D910ECF3CD}.Release|ARM.Build.0 = Release|ARM
	EndGlobalSection
	GlobalSection(SolutionProperties) = preSolution
		HideSolutionNode = FALSE
	EndGlobalSection
	GlobalSection(ExtensibilityGlobals) = postSolution
		SolutionGuid = {0A52E6EE-2263-4F08-8D7E-2A009A0D1F3C}
	EndGlobalSection
EndGlobal
